
Microsoft Visual Studio Solution File, Format Version 12.00
# Visual Studio Version 17
VisualStudioVersion = 17.6.33723.286
MinimumVisualStudioVersion = 10.0.40219.1
Project("{9A19103F-16F7-4668-BE54-9A1E7A4F7556}") = "DIPTERV", "DIPTERV\DIPTERV.csproj", "{4E453E8C-B1E7-4A61-9454-2D7AAFB1201F}"
EndProject
Project("{FAE04EC0-301F-11D3-BF4B-00C04F79EFBC}") = "UnitTestProject", "UnitTestProject\UnitTestProject.csproj", "{1536C1DE-A905-4AE1-BD00-B3CBE449D3D3}"
EndProject
Global
	GlobalSection(SolutionConfigurationPlatforms) = preSolution
		Debug|Any CPU = Debug|Any CPU
		Release|Any CPU = Release|Any CPU
	EndGlobalSection
	GlobalSection(ProjectConfigurationPlatforms) = postSolution
		{4E453E8C-B1E7-4A61-9454-2D7AAFB1201F}.Debug|Any CPU.ActiveCfg = Debug|Any CPU
		{4E453E8C-B1E7-4A61-9454-2D7AAFB1201F}.Debug|Any CPU.Build.0 = Debug|Any CPU
		{4E453E8C-B1E7-4A61-9454-2D7AAFB1201F}.Release|Any CPU.ActiveCfg = Release|Any CPU
		{4E453E8C-B1E7-4A61-9454-2D7AAFB1201F}.Release|Any CPU.Build.0 = Release|Any CPU
		{1536C1DE-A905-4AE1-BD00-B3CBE449D3D3}.Debug|Any CPU.ActiveCfg = Debug|Any CPU
		{1536C1DE-A905-4AE1-BD00-B3CBE449D3D3}.Debug|Any CPU.Build.0 = Debug|Any CPU
		{1536C1DE-A905-4AE1-BD00-B3CBE449D3D3}.Release|Any CPU.ActiveCfg = Release|Any CPU
		{1536C1DE-A905-4AE1-BD00-B3CBE449D3D3}.Release|Any CPU.Build.0 = Release|Any CPU
	EndGlobalSection
	GlobalSection(SolutionProperties) = preSolution
		HideSolutionNode = FALSE
	EndGlobalSection
	GlobalSection(ExtensibilityGlobals) = postSolution
		SolutionGuid = {8B890EA6-3598-43F6-ADDD-AA08F45FA0E2}
	EndGlobalSection
EndGlobal
